
Microsoft Visual Studio Solution File, Format Version 12.00
# Visual Studio Version 17
VisualStudioVersion = 17.13.35919.96 d17.13
MinimumVisualStudioVersion = 10.0.40219.1
Project("{FAE04EC0-301F-11D3-BF4B-00C04F79EFBC}") = "TaskMaster", "TaskMaster\TaskMaster.csproj", "{3AE59116-72F7-4DE5-B360-49BC230464EE}"
EndProject
Global
	GlobalSection(SolutionConfigurationPlatforms) = preSolution
		Debug|Any CPU = Debug|Any CPU
		Release|Any CPU = Release|Any CPU
	EndGlobalSection
	GlobalSection(ProjectConfigurationPlatforms) = postSolution
		{3AE59116-72F7-4DE5-B360-49BC230464EE}.Debug|Any CPU.ActiveCfg = Debug|Any CPU
		{3AE59116-72F7-4DE5-B360-49BC230464EE}.Debug|Any CPU.Build.0 = Debug|Any CPU
		{3AE59116-72F7-4DE5-B360-49BC230464EE}.Release|Any CPU.ActiveCfg = Release|Any CPU
		{3AE59116-72F7-4DE5-B360-49BC230464EE}.Release|Any CPU.Build.0 = Release|Any CPU
	EndGlobalSection
	GlobalSection(SolutionProperties) = preSolution
		HideSolutionNode = FALSE
	EndGlobalSection
	GlobalSection(ExtensibilityGlobals) = postSolution
		SolutionGuid = {53818599-0ED8-40B4-BE54-3D17057D9993}
	EndGlobalSection
EndGlobal
